
Microsoft Visual Studio Solution File, Format Version 12.00
# Visual Studio Version 17
VisualStudioVersion = 17.4.33205.214
MinimumVisualStudioVersion = 10.0.40219.1
Project("{FAE04EC0-301F-11D3-BF4B-00C04F79EFBC}") = "Hospital_Management_Project", "Hospital_Management_Project\Hospital_Management_Project.csproj", "{B8E7DED5-123D-4AC1-A557-0F7AB29E6CED}"
EndProject
Global
	GlobalSection(SolutionConfigurationPlatforms) = preSolution
		Debug|Any CPU = Debug|Any CPU
		Release|Any CPU = Release|Any CPU
	EndGlobalSection
	GlobalSection(ProjectConfigurationPlatforms) = postSolution
		{B8E7DED5-123D-4AC1-A557-0F7AB29E6CED}.Debug|Any CPU.ActiveCfg = Debug|Any CPU
		{B8E7DED5-123D-4AC1-A557-0F7AB29E6CED}.Debug|Any CPU.Build.0 = Debug|Any CPU
		{B8E7DED5-123D-4AC1-A557-0F7AB29E6CED}.Release|Any CPU.ActiveCfg = Release|Any CPU
		{B8E7DED5-123D-4AC1-A557-0F7AB29E6CED}.Release|Any CPU.Build.0 = Release|Any CPU
	EndGlobalSection
	GlobalSection(SolutionProperties) = preSolution
		HideSolutionNode = FALSE
	EndGlobalSection
	GlobalSection(ExtensibilityGlobals) = postSolution
		SolutionGuid = {AEBA4A49-D845-4EDF-A69E-D4FA96B00CA8}
	EndGlobalSection
EndGlobal
